# THIS IS AN AUTOGENERATED FILE. DO NOT EDIT THIS FILE DIRECTLY.
# yarn lockfile v1


"@nodeutils/defaults-deep@^1.1.0":
  version "1.1.0"
  resolved "https://registry.yarnpkg.com/@nodeutils/defaults-deep/-/defaults-deep-1.1.0.tgz#bb1124dc8d7ce0bc5da1d668ace58149258ef20b"
  integrity sha1-uxEk3I184LxdodZorOWBSSWO8gs=
  dependencies:
    lodash "^4.15.0"

asmcrypto.js@^2.3.2:
  version "2.3.2"
  resolved "https://registry.yarnpkg.com/asmcrypto.js/-/asmcrypto.js-2.3.2.tgz#b9f84bd0a1fb82f21f8c29cc284a707ad17bba2e"
  integrity sha512-3FgFARf7RupsZETQ1nHnhLUUvpcttcCq1iZCaVAbJZbCZ5VNRrNyvpDyHTOb0KC3llFcsyOT/a99NZcCbeiEsA==

asn1.js@^5.0.1:
  version "5.3.0"
  resolved "https://registry.yarnpkg.com/asn1.js/-/asn1.js-5.3.0.tgz#439099fe9174e09cff5a54a9dda70260517e8689"
  integrity sha512-WHnQJFcOrIWT1RLOkFFBQkFVvyt9BPOOrH+Dp152Zk4R993rSzXUGPmkybIcUFhHE2d/iHH+nCaOWVCDbO8fgA==
  dependencies:
    bn.js "^4.0.0"
    inherits "^2.0.1"
    minimalistic-assert "^1.0.0"
    safer-buffer "^2.1.0"

async@^2.6.1, async@^2.6.2, async@^2.6.3:
  version "2.6.3"
  resolved "https://registry.yarnpkg.com/async/-/async-2.6.3.tgz#d72625e2344a3656e3a3ad4fa749fa83299d82ff"
  integrity sha512-zflvls11DCy+dQWzTW2dzuilv8Z5X/pjfmZOWba6TNIVDm+2UDaJmXSOXlasHKfNBs8oo3M0aT50fDEWfKZjXg==
  dependencies:
    lodash "^4.17.14"

base-x@3.0.4:
  version "3.0.4"
  resolved "https://registry.yarnpkg.com/base-x/-/base-x-3.0.4.tgz#94c1788736da065edb1d68808869e357c977fa77"
  integrity sha512-UYOadoSIkEI/VrRGSG6qp93rp2WdokiAiNYDfGW5qURAY8GiAQkvMbwNNSDYiVJopqv4gCna7xqf4rrNGp+5AA==
  dependencies:
    safe-buffer "^5.0.1"

base-x@^3.0.2:
  version "3.0.7"
  resolved "https://registry.yarnpkg.com/base-x/-/base-x-3.0.7.tgz#1c5a7fafe8f66b4114063e8da102799d4e7c408f"
  integrity sha512-zAKJGuQPihXW22fkrfOclUUZXM2g92z5GzlSMHxhO6r6Qj+Nm0ccaGNBzDZojzwOMkpjAv4J0fOv1U4go+a4iw==
  dependencies:
    safe-buffer "^5.0.1"

base64-js@^1.0.2:
  version "1.3.1"
  resolved "https://registry.yarnpkg.com/base64-js/-/base64-js-1.3.1.tgz#58ece8cb75dd07e71ed08c736abc5fac4dbf8df1"
  integrity sha512-mLQ4i2QO1ytvGWFWmcngKO//JXAQueZvwEKtjgQFM4jIK0kU+ytMfplL8j+n5mspOfjHwoAg+9yhb7BwAHm36g==

bignumber.js@^9.0.0:
  version "9.0.0"
  resolved "https://registry.yarnpkg.com/bignumber.js/-/bignumber.js-9.0.0.tgz#805880f84a329b5eac6e7cb6f8274b6d82bdf075"
  integrity sha512-t/OYhhJ2SD+YGBQcjY8GzzDHEk9f3nerxjtfa6tlMXfe7frs/WozhvCNoGvpM0P3bNf3Gq5ZRMlGr5f3r4/N8A==

bindings@^1.5.0:
  version "1.5.0"
  resolved "https://registry.yarnpkg.com/bindings/-/bindings-1.5.0.tgz#10353c9e945334bc0511a6d90b38fbc7c9c504df"
  integrity sha512-p2q/t/mhvuOj/UeLlV6566GD/guowlr0hHxClI0W9m7MWYkL1F0hLo+0Aexs9HSPCtR1SXQ0TD3MMKrXZajbiQ==
  dependencies:
    file-uri-to-path "1.0.0"

bip66@^1.1.5:
  version "1.1.5"
  resolved "https://registry.yarnpkg.com/bip66/-/bip66-1.1.5.tgz#01fa8748785ca70955d5011217d1b3139969ca22"
  integrity sha1-AfqHSHhcpwlV1QESF9GzE5lpyiI=
  dependencies:
    safe-buffer "^5.0.1"

blakejs@^1.1.0:
  version "1.1.0"
  resolved "https://registry.yarnpkg.com/blakejs/-/blakejs-1.1.0.tgz#69df92ef953aa88ca51a32df6ab1c54a155fc7a5"
  integrity sha1-ad+S75U6qIylGjLfarHFShVfx6U=

bn.js@^4.0.0, bn.js@^4.11.8, bn.js@^4.4.0:
  version "4.11.8"
  resolved "https://registry.yarnpkg.com/bn.js/-/bn.js-4.11.8.tgz#2cde09eb5ee341f484746bb0309b3253b1b1442f"
  integrity sha512-ItfYfPLkWHUjckQCk8xC+LwxgK8NYcXywGigJgSwOP8Y2iyWT4f2vsZnoOXTTbo+o5yXmIUJ4gn5538SO5S3gA==

brorand@^1.0.1:
  version "1.1.0"
  resolved "https://registry.yarnpkg.com/brorand/-/brorand-1.1.0.tgz#12c25efe40a45e3c323eb8675a0a0ce57b22371f"
  integrity sha1-EsJe/kCkXjwyPrhnWgoM5XsiNx8=

browserify-aes@^1.0.6, browserify-aes@^1.2.0:
  version "1.2.0"
  resolved "https://registry.yarnpkg.com/browserify-aes/-/browserify-aes-1.2.0.tgz#326734642f403dabc3003209853bb70ad428ef48"
  integrity sha512-+7CHXqGuspUn/Sl5aO7Ea0xWGAtETPXNSAjHo48JfLdPWcMng33Xe4znFvQweqc/uzk5zSOI3H52CYnjCfb5hA==
  dependencies:
    buffer-xor "^1.0.3"
    cipher-base "^1.0.0"
    create-hash "^1.1.0"
    evp_bytestokey "^1.0.3"
    inherits "^2.0.1"
    safe-buffer "^5.0.1"

bs58@^4.0.1:
  version "4.0.1"
  resolved "https://registry.yarnpkg.com/bs58/-/bs58-4.0.1.tgz#be161e76c354f6f788ae4071f63f34e8c4f0a42a"
  integrity sha1-vhYedsNU9veIrkBx9j806MTwpCo=
  dependencies:
    base-x "^3.0.2"

buffer-from@^1.0.0:
  version "1.1.1"
  resolved "https://registry.yarnpkg.com/buffer-from/-/buffer-from-1.1.1.tgz#32713bc028f75c02fdb710d7c7bcec1f2c6070ef"
  integrity sha512-MQcXEUbCKtEo7bhqEs6560Hyd4XaovZlO/k9V3hjVUF/zwW7KBVdSK4gIt/bzwS9MbR5qob+F5jusZsb0YQK2A==

buffer-xor@^1.0.3:
  version "1.0.3"
  resolved "https://registry.yarnpkg.com/buffer-xor/-/buffer-xor-1.0.3.tgz#26e61ed1422fb70dd42e6e36729ed51d855fe8d9"
  integrity sha1-JuYe0UIvtw3ULm42cp7VHYVf6Nk=

buffer@^5.4.3:
  version "5.4.3"
  resolved "https://registry.yarnpkg.com/buffer/-/buffer-5.4.3.tgz#3fbc9c69eb713d323e3fc1a895eee0710c072115"
  integrity sha512-zvj65TkFeIt3i6aj5bIvJDzjjQQGs4o/sNoezg1F1kYap9Nu2jcUdpwzRSJTHMMzG0H7bZkn4rNQpImhuxWX2A==
  dependencies:
    base64-js "^1.0.2"
    ieee754 "^1.1.4"

chunky@0.0.0:
  version "0.0.0"
  resolved "https://registry.yarnpkg.com/chunky/-/chunky-0.0.0.tgz#1e7580a23c083897d2ad662459e7efd8465f608a"
  integrity sha1-HnWAojwIOJfSrWYkWefv2EZfYIo=

cids@~0.7.1:
  version "0.7.1"
  resolved "https://registry.yarnpkg.com/cids/-/cids-0.7.1.tgz#d8bba49a35a0e82110879b5001abf1039c62347f"
  integrity sha512-qEM4j2GKE/BiT6WdUi6cfW8dairhSLTUE8tIdxJG6SvY33Mp/UPjw+xcO0n1zsllgo72BupzKF/44v+Bg8YPPg==
  dependencies:
    class-is "^1.1.0"
    multibase "~0.6.0"
    multicodec "~0.5.1"
    multihashes "~0.4.14"

cipher-base@^1.0.0, cipher-base@^1.0.1, cipher-base@^1.0.3:
  version "1.0.4"
  resolved "https://registry.yarnpkg.com/cipher-base/-/cipher-base-1.0.4.tgz#8760e4ecc272f4c363532f926d874aae2c1397de"
  integrity sha512-Kkht5ye6ZGmwv40uUDZztayT2ThLQGfnj/T71N/XzeZeo3nf8foyW7zGTsPYkEya3m5f3cAypH+qe7YOrM1U2Q==
  dependencies:
    inherits "^2.0.1"
    safe-buffer "^5.0.1"

class-is@^1.1.0:
  version "1.1.0"
  resolved "https://registry.yarnpkg.com/class-is/-/class-is-1.1.0.tgz#9d3c0fba0440d211d843cec3dedfa48055005825"
  integrity sha512-rhjH9AG1fvabIDoGRVH587413LPjTZgmDF9fOFCbFJQV4yuocX1mHxxvXI4g3cGwbVY9wAYIoKlg1N79frJKQw==

clone-deep@^2.0.1:
  version "2.0.2"
  resolved "https://registry.yarnpkg.com/clone-deep/-/clone-deep-2.0.2.tgz#00db3a1e173656730d1188c3d6aced6d7ea97713"
  integrity sha512-SZegPTKjCgpQH63E+eN6mVEEPdQBOUzjyJm5Pora4lrwWRFS8I0QAxV/KD6vV/i0WuijHZWQC1fMsPEdxfdVCQ==
  dependencies:
    for-own "^1.0.0"
    is-plain-object "^2.0.4"
    kind-of "^6.0.0"
    shallow-clone "^1.0.0"

concat-stream@^1.6.2:
  version "1.6.2"
  resolved "https://registry.yarnpkg.com/concat-stream/-/concat-stream-1.6.2.tgz#904bdf194cd3122fc675c77fc4ac3d4ff0fd1a34"
  integrity sha512-27HBghJxjiZtIk3Ycvn/4kbJk/1uZuJFfuPEns6LaEvpvG1f0hTea8lilrouyo9mVc2GWdcEZ8OLoGmSADlrCw==
  dependencies:
    buffer-from "^1.0.0"
    inherits "^2.0.3"
    readable-stream "^2.2.2"
    typedarray "^0.0.6"

core-util-is@~1.0.0:
  version "1.0.2"
  resolved "https://registry.yarnpkg.com/core-util-is/-/core-util-is-1.0.2.tgz#b5fd54220aa2bc5ab57aab7140c940754503c1a7"
  integrity sha1-tf1UIgqivFq1eqtxQMlAdUUDwac=

create-hash@^1.1.0, create-hash@^1.1.2, create-hash@^1.2.0:
  version "1.2.0"
  resolved "https://registry.yarnpkg.com/create-hash/-/create-hash-1.2.0.tgz#889078af11a63756bcfb59bd221996be3a9ef196"
  integrity sha512-z00bCGNHDG8mHAkP7CtT1qVu+bFQUPjYq/4Iv3C3kWjTFV10zIjfSoeqXo9Asws8gwSHDGj/hl2u4OGIjapeCg==
  dependencies:
    cipher-base "^1.0.1"
    inherits "^2.0.1"
    md5.js "^1.3.4"
    ripemd160 "^2.0.1"
    sha.js "^2.4.0"

create-hmac@^1.1.4:
  version "1.1.7"
  resolved "https://registry.yarnpkg.com/create-hmac/-/create-hmac-1.1.7.tgz#69170c78b3ab957147b2b8b04572e47ead2243ff"
  integrity sha512-MJG9liiZ+ogc4TzUwuvbER1JRdgvUFSB5+VR/g5h82fGaIRWMWddtKBHi7/sVhfjQZ6SehlyhvQYrcYkaUIpLg==
  dependencies:
    cipher-base "^1.0.3"
    create-hash "^1.1.0"
    inherits "^2.0.1"
    ripemd160 "^2.0.0"
    safe-buffer "^5.0.1"
    sha.js "^2.4.8"

debug@^2.6.0:
  version "2.6.9"
  resolved "https://registry.yarnpkg.com/debug/-/debug-2.6.9.tgz#5d128515df134ff327e90a4c93f4e077a536341f"
  integrity sha512-bC7ElrdJaJnPbAP+1EotYvqZsb3ecl5wi6Bfi6BJTUcNowp6cvspg0jXznRTKDjm/E7AdgFBVeAPVMNcKGsHMA==
  dependencies:
    ms "2.0.0"

debug@^4.1.0, debug@^4.1.1:
  version "4.1.1"
  resolved "https://registry.yarnpkg.com/debug/-/debug-4.1.1.tgz#3b72260255109c6b589cee050f1d516139664791"
  integrity sha512-pYAIzeRo8J6KPEaJ0VWOh5Pzkbw/RetuzehGM7QRRX5he4fPHx2rdKMB256ehJCkX+XRQm16eZLqLNS8RSZXZw==
  dependencies:
    ms "^2.1.1"

drbg.js@^1.0.1:
  version "1.0.1"
  resolved "https://registry.yarnpkg.com/drbg.js/-/drbg.js-1.0.1.tgz#3e36b6c42b37043823cdbc332d58f31e2445480b"
  integrity sha1-Pja2xCs3BDgjzbwzLVjzHiRFSAs=
  dependencies:
    browserify-aes "^1.0.6"
    create-hash "^1.1.2"
    create-hmac "^1.1.4"

elliptic@^6.5.2:
  version "6.5.2"
  resolved "https://registry.yarnpkg.com/elliptic/-/elliptic-6.5.2.tgz#05c5678d7173c049d8ca433552224a495d0e3762"
  integrity sha512-f4x70okzZbIQl/NSRLkI/+tteV/9WqL98zx+SQ69KbXxmVrmjwsNUPn/gYJJ0sHvEak24cZgHIPegRePAtA/xw==
  dependencies:
    bn.js "^4.4.0"
    brorand "^1.0.1"
    hash.js "^1.0.0"
    hmac-drbg "^1.0.0"
    inherits "^2.0.1"
    minimalistic-assert "^1.0.0"
    minimalistic-crypto-utils "^1.0.0"

end-of-stream@^1.1.0:
  version "1.4.4"
  resolved "https://registry.yarnpkg.com/end-of-stream/-/end-of-stream-1.4.4.tgz#5ae64a5f45057baf3626ec14da0ca5e4b2431eb0"
  integrity sha512-+uw1inIHVPQoaVuHzRyXd21icM+cnt4CzD5rW+NC1wjOUSTOs+Te7FOv7AhN7vS9x/oIyhLP5PR1H+phQAHu5Q==
  dependencies:
    once "^1.4.0"

err-code@^1.1.2:
  version "1.1.2"
  resolved "https://registry.yarnpkg.com/err-code/-/err-code-1.1.2.tgz#06e0116d3028f6aef4806849eb0ea6a748ae6960"
  integrity sha1-BuARbTAo9q70gGhJ6w6mp0iuaWA=

evp_bytestokey@^1.0.3:
  version "1.0.3"
  resolved "https://registry.yarnpkg.com/evp_bytestokey/-/evp_bytestokey-1.0.3.tgz#7fcbdb198dc71959432efe13842684e0525acb02"
  integrity sha512-/f2Go4TognH/KvCISP7OUsHn85hT9nUkxxA9BEWxFn+Oj9o8ZNLm/40hdlgSLyuOimsrTKLUMEorQexp/aPQeA==
  dependencies:
    md5.js "^1.3.4"
    safe-buffer "^5.1.1"

file-uri-to-path@1.0.0:
  version "1.0.0"
  resolved "https://registry.yarnpkg.com/file-uri-to-path/-/file-uri-to-path-1.0.0.tgz#553a7b8446ff6f684359c445f1e37a05dacc33dd"
  integrity sha512-0Zt+s3L7Vf1biwWZ29aARiVYLx7iMGnEUl9x33fbB/j3jR81u/O2LbqK+Bm1CDSNDKVtJ/YjwY7TUd5SkeLQLw==

for-in@^0.1.3:
  version "0.1.8"
  resolved "https://registry.yarnpkg.com/for-in/-/for-in-0.1.8.tgz#d8773908e31256109952b1fdb9b3fa867d2775e1"
  integrity sha1-2Hc5COMSVhCZUrH9ubP6hn0ndeE=

for-in@^1.0.1:
  version "1.0.2"
  resolved "https://registry.yarnpkg.com/for-in/-/for-in-1.0.2.tgz#81068d295a8142ec0ac726c6e2200c30fb6d5e80"
  integrity sha1-gQaNKVqBQuwKxybG4iAMMPttXoA=

for-own@^1.0.0:
  version "1.0.0"
  resolved "https://registry.yarnpkg.com/for-own/-/for-own-1.0.0.tgz#c63332f415cedc4b04dbfe70cf836494c53cb44b"
  integrity sha1-xjMy9BXO3EsE2/5wz4NklMU8tEs=
  dependencies:
    for-in "^1.0.1"

fsm-event@^2.1.0:
  version "2.1.0"
  resolved "https://registry.yarnpkg.com/fsm-event/-/fsm-event-2.1.0.tgz#d385716ed38f9c92feab2ba601e2aac6c0ba5a92"
  integrity sha1-04VxbtOPnJL+qyumAeKqxsC6WpI=
  dependencies:
    fsm "^1.0.2"

fsm@^1.0.2:
  version "1.0.2"
  resolved "https://registry.yarnpkg.com/fsm/-/fsm-1.0.2.tgz#e2eb9b29747e806bbb90f8d5453e2f9d7bd23783"
  integrity sha1-4uubKXR+gGu7kPjVRT4vnXvSN4M=
  dependencies:
    split "~0.3.0"

hash-base@^3.0.0:
  version "3.0.4"
  resolved "https://registry.yarnpkg.com/hash-base/-/hash-base-3.0.4.tgz#5fc8686847ecd73499403319a6b0a3f3f6ae4918"
  integrity sha1-X8hoaEfs1zSZQDMZprCj8/auSRg=
  dependencies:
    inherits "^2.0.1"
    safe-buffer "^5.0.1"

hash.js@^1.0.0, hash.js@^1.0.3:
  version "1.1.7"
  resolved "https://registry.yarnpkg.com/hash.js/-/hash.js-1.1.7.tgz#0babca538e8d4ee4a0f8988d68866537a003cf42"
  integrity sha512-taOaskGt4z4SOANNseOviYDvjEJinIkRgmp7LbKP2YTTmVxWBl87s/uzK9r+44BclBSp2X7K1hqeNfz9JbBeXA==
  dependencies:
    inherits "^2.0.3"
    minimalistic-assert "^1.0.1"

hashlru@^2.3.0:
  version "2.3.0"
  resolved "https://registry.yarnpkg.com/hashlru/-/hashlru-2.3.0.tgz#5dc15928b3f6961a2056416bb3a4910216fdfb51"
  integrity sha512-0cMsjjIC8I+D3M44pOQdsy0OHXGLVz6Z0beRuufhKa0KfaD2wGwAev6jILzXsd3/vpnNQJmWyZtIILqM1N+n5A==

hi-base32@~0.5.0:
  version "0.5.0"
  resolved "https://registry.yarnpkg.com/hi-base32/-/hi-base32-0.5.0.tgz#61329f76a31f31008533f1c36f2473e259d64571"
  integrity sha512-DDRmxSyoYuvjUb9EnXdoiMChBZ7ZcUVJsK5Frd3kqMhuBxvmZdnBeynAVfj7/ECbn++CekcoprvC/rprHPAtow==

hmac-drbg@^1.0.0:
  version "1.0.1"
  resolved "https://registry.yarnpkg.com/hmac-drbg/-/hmac-drbg-1.0.1.tgz#d2745701025a6c775a6c545793ed502fc0c649a1"
  integrity sha1-0nRXAQJabHdabFRXk+1QL8DGSaE=
  dependencies:
    hash.js "^1.0.3"
    minimalistic-assert "^1.0.0"
    minimalistic-crypto-utils "^1.0.1"

ieee754@^1.1.4:
  version "1.1.13"
  resolved "https://registry.yarnpkg.com/ieee754/-/ieee754-1.1.13.tgz#ec168558e95aa181fd87d37f55c32bbcb6708b84"
  integrity sha512-4vf7I2LYV/HaWerSo3XmlMkp5eZ83i+/CDluXi/IGTs/O1sejBNhTtnxzmRZfvOUqj7lZjqHkeTvpgSFDlWZTg==

inherits@^2.0.1, inherits@^2.0.3, inherits@~2.0.3:
  version "2.0.4"
  resolved "https://registry.yarnpkg.com/inherits/-/inherits-2.0.4.tgz#0fa2c64f932917c3433a0ded55363aae37416b7c"
  integrity sha512-k/vGaX4/Yla3WzyMCvTQOXYeIHvqOKtnqBduzTHpzpQZzAskKMhZ2K+EnBiSM9zGSoIFeMpXKxa4dYeZIQqewQ==

interface-connection@~0.3.2, interface-connection@~0.3.3:
  version "0.3.3"
  resolved "https://registry.yarnpkg.com/interface-connection/-/interface-connection-0.3.3.tgz#d82dd81efee5f2d40d7cb0fd75e6e858f92fa199"
  integrity sha512-OV9Rj7AhUlssWJTO6nOazJdPFGqWDOVZ3j5aM+i0RPKyTzR87vJ949VqhMyKkCIR0GBAaNqfB7F4YA70a/QWiw==
  dependencies:
    pull-defer "~0.2.3"

ip-address@^6.1.0:
  version "6.2.0"
  resolved "https://registry.yarnpkg.com/ip-address/-/ip-address-6.2.0.tgz#c1b87c45097874a56a812348e09f92b74d9836fa"
  integrity sha512-7G/8LVMRqM11pLcXx3PlX9rlqenMVUbppAc2sMvz+Ef0mUFm++cecpcEwb+Wfcdt2apu5XLTm9ox+Xz/TB7TGg==
  dependencies:
    jsbn "1.1.0"
    lodash.find "4.6.0"
    lodash.max "4.0.1"
    lodash.merge "4.6.2"
    lodash.padstart "4.6.1"
    lodash.repeat "4.1.0"
    sprintf-js "1.1.2"

ip-regex@^2.0.0:
  version "2.1.0"
  resolved "https://registry.yarnpkg.com/ip-regex/-/ip-regex-2.1.0.tgz#fa78bf5d2e6913c911ce9f819ee5146bb6d844e9"
  integrity sha1-+ni/XS5pE8kRzp+BnuUUa7bYROk=

ip-regex@^4.0.0:
  version "4.1.0"
  resolved "https://registry.yarnpkg.com/ip-regex/-/ip-regex-4.1.0.tgz#5ad62f685a14edb421abebc2fff8db94df67b455"
  integrity sha512-pKnZpbgCTfH/1NLIlOduP/V+WRXzC2MOz3Qo8xmxk8C5GudJLgK5QyLVXOSWy3ParAH7Eemurl3xjv/WXYFvMA==

ip@^1.1.5:
  version "1.1.5"
  resolved "https://registry.yarnpkg.com/ip/-/ip-1.1.5.tgz#bdded70114290828c0a039e72ef25f5aaec4354a"
  integrity sha1-vd7XARQpCCjAoDnnLvJfWq7ENUo=

is-extendable@^0.1.1:
  version "0.1.1"
  resolved "https://registry.yarnpkg.com/is-extendable/-/is-extendable-0.1.1.tgz#62b110e289a471418e3ec36a617d472e301dfc89"
  integrity sha1-YrEQ4omkcUGOPsNqYX1HLjAd/Ik=

is-ip@^2.0.0:
  version "2.0.0"
  resolved "https://registry.yarnpkg.com/is-ip/-/is-ip-2.0.0.tgz#68eea07e8a0a0a94c2d080dd674c731ab2a461ab"
  integrity sha1-aO6gfooKCpTC0IDdZ0xzGrKkYas=
  dependencies:
    ip-regex "^2.0.0"

is-ip@^3.1.0:
  version "3.1.0"
  resolved "https://registry.yarnpkg.com/is-ip/-/is-ip-3.1.0.tgz#2ae5ddfafaf05cb8008a62093cf29734f657c5d8"
  integrity sha512-35vd5necO7IitFPjd/YBeqwWnyDWbuLH9ZXQdMfDA8TEo7pv5X8yfrvVO3xbJbLUlERCMvf6X0hTUamQxCYJ9Q==
  dependencies:
    ip-regex "^4.0.0"

is-plain-obj@^1.1:
  version "1.1.0"
  resolved "https://registry.yarnpkg.com/is-plain-obj/-/is-plain-obj-1.1.0.tgz#71a50c8429dfca773c92a390a4a03b39fcd51d3e"
  integrity sha1-caUMhCnfync8kqOQpKA7OfzVHT4=

is-plain-object@^2.0.4:
  version "2.0.4"
  resolved "https://registry.yarnpkg.com/is-plain-object/-/is-plain-object-2.0.4.tgz#2c163b3fafb1b606d9d17928f05c2a1c38e07677"
  integrity sha512-h5PpgXkWitc38BBMYawTYMWJHFZJVnBquFE57xFpjB8pJFiF6gZ+bU+WyI/yqXiFR5mdLsgYNaPe8uao6Uv9Og==
  dependencies:
    isobject "^3.0.1"

is-promise@~1, is-promise@~1.0.0:
  version "1.0.1"
  resolved "https://registry.yarnpkg.com/is-promise/-/is-promise-1.0.1.tgz#31573761c057e33c2e91aab9e96da08cefbe76e5"
  integrity sha1-MVc3YcBX4zwukaq56W2gjO++duU=

isarray@~1.0.0:
  version "1.0.0"
  resolved "https://registry.yarnpkg.com/isarray/-/isarray-1.0.0.tgz#bb935d48582cba168c06834957a54a3e07124f11"
  integrity sha1-u5NdSFgsuhaMBoNJV6VKPgcSTxE=

iso-random-stream@^1.1.0:
  version "1.1.1"
  resolved "https://registry.yarnpkg.com/iso-random-stream/-/iso-random-stream-1.1.1.tgz#83824bba77fbb3480dd6b35fbb06de7f9e93e80f"
  integrity sha512-YEt/7xOwTdu4KXIgtdgGFkiLUsBaddbnkmHyaFdjJYIcD7V4gpQHPvYC5tyh3kA0PQ01y9lWm1ruVdf8Mqzovg==
  dependencies:
    buffer "^5.4.3"
    readable-stream "^3.4.0"

iso-url@^0.4.4:
  version "0.4.6"
  resolved "https://registry.yarnpkg.com/iso-url/-/iso-url-0.4.6.tgz#45005c4af4984cad4f8753da411b41b74cf0a8a6"
  integrity sha512-YQO7+aIe6l1aSJUKOx+Vrv08DlhZeLFIVfehG2L29KLSEb9RszqPXilxJRVpp57px36BddKR5ZsebacO5qG0tg==

isobject@^3.0.1:
  version "3.0.1"
  resolved "https://registry.yarnpkg.com/isobject/-/isobject-3.0.1.tgz#4e431e92b11a9731636aa1f9c8d1ccbcfdab78df"
  integrity sha1-TkMekrEalzFjaqH5yNHMvP2reN8=

js-sha3@~0.8.0:
  version "0.8.0"
  resolved "https://registry.yarnpkg.com/js-sha3/-/js-sha3-0.8.0.tgz#b9b7a5da73afad7dedd0f8c463954cbde6818840"
  integrity sha512-gF1cRrHhIzNfToc802P800N8PpXS+evLLXfsVpowqmAFR9uwbi89WvXg2QspOmXL8QL86J4T1EpFu+yUkwJY3Q==

jsbn@1.1.0:
  version "1.1.0"
  resolved "https://registry.yarnpkg.com/jsbn/-/jsbn-1.1.0.tgz#b01307cb29b618a1ed26ec79e911f803c4da0040"
  integrity sha1-sBMHyym2GKHtJux56RH4A8TaAEA=

keypair@^1.0.1:
  version "1.0.1"
  resolved "https://registry.yarnpkg.com/keypair/-/keypair-1.0.1.tgz#7603719270afb6564ed38a22087a06fc9aa4ea1b"
  integrity sha1-dgNxknCvtlZO04oiCHoG/Jqk6hs=

kind-of@^5.0.0:
  version "5.1.0"
  resolved "https://registry.yarnpkg.com/kind-of/-/kind-of-5.1.0.tgz#729c91e2d857b7a419a1f9aa65685c4c33f5845d"
  integrity sha512-NGEErnH6F2vUuXDh+OlbcKW7/wOcfdRHaZ7VWtqCztfHri/++YKmP51OdWeGPuqCOba6kk2OTe5d02VmTB80Pw==

kind-of@^6.0.0, kind-of@^6.0.1:
  version "6.0.2"
  resolved "https://registry.yarnpkg.com/kind-of/-/kind-of-6.0.2.tgz#01146b36a6218e64e58f3a8d66de5d7fc6f6d051"
  integrity sha512-s5kLOcnH0XqDO+FvuaLX8DDjZ18CGFk7VygH40QoKPUQhW4e2rvM0rwUq0t8IQDOwYSeLK01U90OjzBTme2QqA==

latency-monitor@~0.2.1:
  version "0.2.1"
  resolved "https://registry.yarnpkg.com/latency-monitor/-/latency-monitor-0.2.1.tgz#4043d5f23de86e2bfcef6ced4a3b5b922e1dd7ed"
  integrity sha1-QEPV8j3obiv872ztSjtbki4d1+0=
  dependencies:
    debug "^2.6.0"
    lodash "^4.17.4"

libp2p-crypto-secp256k1@~0.3.0:
  version "0.3.1"
  resolved "https://registry.yarnpkg.com/libp2p-crypto-secp256k1/-/libp2p-crypto-secp256k1-0.3.1.tgz#4cbeb857f5cfe5fefb1253e6b2994420c0ca166e"
  integrity sha512-evrfK/CeUSd/lcELUdDruyPBvxDmLairth75S32OLl3H+++2m2fV24JEtxzdFS9JH3xEFw0h6JFO8DBa1bP9dA==
  dependencies:
    async "^2.6.2"
    bs58 "^4.0.1"
    multihashing-async "~0.6.0"
    nodeify "^1.0.1"
    safe-buffer "^5.1.2"
    secp256k1 "^3.6.2"

libp2p-crypto@~0.16.0, libp2p-crypto@~0.16.1:
  version "0.16.3"
  resolved "https://registry.yarnpkg.com/libp2p-crypto/-/libp2p-crypto-0.16.3.tgz#a4012361a6b6b3328d3d6b67cd1cb278e8d58f59"
  integrity sha512-ro7/5Tu+f8p2+qDS1JrROnO++nNaAaBFs+VVXVHLuTMnbnMASu1eUtSlWPk1uOwikAlBFTvfqe5J1bK6Bpq6Pg==
  dependencies:
    asmcrypto.js "^2.3.2"
    asn1.js "^5.0.1"
    async "^2.6.1"
    bn.js "^4.11.8"
    browserify-aes "^1.2.0"
    bs58 "^4.0.1"
    iso-random-stream "^1.1.0"
    keypair "^1.0.1"
    libp2p-crypto-secp256k1 "~0.3.0"
    multihashing-async "~0.5.1"
    node-forge "~0.9.1"
    pem-jwk "^2.0.0"
    protons "^1.0.1"
    rsa-pem-to-jwk "^1.1.3"
    tweetnacl "^1.0.0"
    ursa-optional "~0.10.0"

libp2p-mplex@^0.8.5:
  version "0.8.5"
  resolved "https://registry.yarnpkg.com/libp2p-mplex/-/libp2p-mplex-0.8.5.tgz#a81a10f009c3cccd97f66da11c5f950a6ca37de7"
  integrity sha512-L/1xbk8Mux2vroxfH2nfLrqyHfMdl4ScnIXhmQm19tlHZokcg/sadI5XmjdsBqMq3nP/q8wgNjIuX9IX6m1C6w==
  dependencies:
    async "^2.6.2"
    chunky "0.0.0"
    concat-stream "^1.6.2"
    debug "^4.1.0"
    interface-connection "~0.3.3"
    pull-catch "^1.0.1"
    pull-stream "^3.6.9"
    pull-stream-to-stream "^1.3.4"
    pump "^3.0.0"
    readable-stream "^3.1.1"
    stream-to-pull-stream "^1.7.2"
    varint "^5.0.0"

libp2p-secio@^0.11.1:
  version "0.11.1"
  resolved "https://registry.yarnpkg.com/libp2p-secio/-/libp2p-secio-0.11.1.tgz#984fe8cc77640feca290d09065615fcaa80c433a"
  integrity sha512-PMVlLutZcCpaNMQZbsbADUR6BWAFuB7ap8fc006YFj3uRQpq8HEVW6DsYlNVG6QQm9JMdvaitfgLTaDFqw5bVg==
  dependencies:
    async "^2.6.1"
    debug "^4.1.1"
    interface-connection "~0.3.2"
    libp2p-crypto "~0.16.0"
    multihashing-async "~0.5.2"
    peer-id "~0.12.2"
    peer-info "~0.15.1"
    protons "^1.0.1"
    pull-defer "~0.2.3"
    pull-handshake "^1.1.4"
    pull-length-prefixed "^1.3.1"
    pull-stream "^3.6.9"

libp2p-tcp@^0.13.2:
  version "0.13.2"
  resolved "https://registry.yarnpkg.com/libp2p-tcp/-/libp2p-tcp-0.13.2.tgz#4f70760c657f1991aa025d16d14225bc8aa018a1"
  integrity sha512-TvHLCn25m+UIH+hXTuy8xJDU/Kxj8EEEgWzhWUImsrb/YsYFywjbuv8YCAYtTUMIzyT2DnTtM+xzPxccg/sytw==
  dependencies:
    class-is "^1.1.0"
    debug "^4.1.1"
    interface-connection "~0.3.3"
    ip-address "^6.1.0"
    lodash.includes "^4.3.0"
    lodash.isfunction "^3.0.9"
    mafmt "^6.0.7"
    multiaddr "^6.1.0"
    once "^1.4.0"
    stream-to-pull-stream "^1.7.3"

libp2p-websockets@^0.12.2:
  version "0.12.4"
  resolved "https://registry.yarnpkg.com/libp2p-websockets/-/libp2p-websockets-0.12.4.tgz#bc35e190870cbfd7a9fd50a8dd0bc12fe2953aac"
  integrity sha512-wXrdFgBibvuD+b+s1KIvhlbzh/qCXSDBmzkoKUugftxV6tC5AhotbHW1JlcI726+U+z4k8ha3nEZd9PY64NLqQ==
  dependencies:
    class-is "^1.1.0"
    debug "^4.1.1"
    interface-connection "~0.3.3"
    mafmt "^6.0.7"
    multiaddr-to-uri "^5.0.0"
    pull-ws hugomrdias/pull-ws#fix/bundle-size

libp2p@^0.26.2:
  version "0.26.2"
  resolved "https://registry.yarnpkg.com/libp2p/-/libp2p-0.26.2.tgz#bab90acef61b000648114b149ac3f40478d84f3b"
  integrity sha512-AaPSpROjrg17QBMood6tdxLj3yWH5qR/pnQ4gurz3byvYvD6Tw3yt7PQRdSyjOh6Oh+EX06yTrNCnoDTdgliKg==
  dependencies:
    async "^2.6.2"
    bignumber.js "^9.0.0"
    class-is "^1.1.0"
    debug "^4.1.1"
    err-code "^1.1.2"
    fsm-event "^2.1.0"
    hashlru "^2.3.0"
    interface-connection "~0.3.3"
    latency-monitor "~0.2.1"
    libp2p-crypto "~0.16.1"
    libp2p-websockets "^0.12.2"
    mafmt "^6.0.7"
    merge-options "^1.0.1"
    moving-average "^1.0.0"
    multiaddr "^6.1.0"
    multistream-select "~0.14.6"
    once "^1.4.0"
    peer-book "^0.9.1"
    peer-id "^0.12.2"
    peer-info "~0.15.1"
    promisify-es6 "^1.0.3"
    protons "^1.0.1"
    pull-cat "^1.1.11"
    pull-defer "~0.2.3"
    pull-handshake "^1.1.4"
    pull-reader "^1.3.1"
    pull-stream "^3.6.9"
    retimer "^2.0.0"
    superstruct "^0.6.0"
    xsalsa20 "^1.0.2"

lodash.find@4.6.0:
  version "4.6.0"
  resolved "https://registry.yarnpkg.com/lodash.find/-/lodash.find-4.6.0.tgz#cb0704d47ab71789ffa0de8b97dd926fb88b13b1"
  integrity sha1-ywcE1Hq3F4n/oN6Ll92Sb7iLE7E=

lodash.includes@^4.3.0:
  version "4.3.0"
  resolved "https://registry.yarnpkg.com/lodash.includes/-/lodash.includes-4.3.0.tgz#60bb98a87cb923c68ca1e51325483314849f553f"
  integrity sha1-YLuYqHy5I8aMoeUTJUgzFISfVT8=

lodash.isfunction@^3.0.9:
  version "3.0.9"
  resolved "https://registry.yarnpkg.com/lodash.isfunction/-/lodash.isfunction-3.0.9.tgz#06de25df4db327ac931981d1bdb067e5af68d051"
  integrity sha512-AirXNj15uRIMMPihnkInB4i3NHeb4iBtNg9WRWuK2o31S+ePwwNmDPaTL3o7dTJ+VXNZim7rFs4rxN4YU1oUJw==

lodash.max@4.0.1:
  version "4.0.1"
  resolved "https://registry.yarnpkg.com/lodash.max/-/lodash.max-4.0.1.tgz#8735566c618b35a9f760520b487ae79658af136a"
  integrity sha1-hzVWbGGLNan3YFILSHrnllivE2o=

lodash.merge@4.6.2:
  version "4.6.2"
  resolved "https://registry.yarnpkg.com/lodash.merge/-/lodash.merge-4.6.2.tgz#558aa53b43b661e1925a0afdfa36a9a1085fe57a"
  integrity sha512-0KpjqXRVvrYyCsX1swR/XTK0va6VQkQM6MNo7PqW77ByjAhoARA8EfrP1N4+KlKj8YS0ZUCtRT/YUuhyYDujIQ==

lodash.padstart@4.6.1:
  version "4.6.1"
  resolved "https://registry.yarnpkg.com/lodash.padstart/-/lodash.padstart-4.6.1.tgz#d2e3eebff0d9d39ad50f5cbd1b52a7bce6bb611b"
  integrity sha1-0uPuv/DZ05rVD1y9G1KnvOa7YRs=

lodash.repeat@4.1.0:
  version "4.1.0"
  resolved "https://registry.yarnpkg.com/lodash.repeat/-/lodash.repeat-4.1.0.tgz#fc7de8131d8c8ac07e4b49f74ffe829d1f2bec44"
  integrity sha1-/H3oEx2MisB+S0n3T/6CnR8r7EQ=

lodash@^4.15.0, lodash@^4.17.14, lodash@^4.17.4:
  version "4.17.15"
  resolved "https://registry.yarnpkg.com/lodash/-/lodash-4.17.15.tgz#b447f6670a0455bbfeedd11392eff330ea097548"
  integrity sha512-8xOcRHvCjnocdS5cpwXQXVzmmh5e5+saE2QGoeQmbKmRS6J3VQppPOIt0MnmE+4xlZoumy0GPG0D0MVIQbNA1A==

looper@^3.0.0:
  version "3.0.0"
  resolved "https://registry.yarnpkg.com/looper/-/looper-3.0.0.tgz#2efa54c3b1cbaba9b94aee2e5914b0be57fbb749"
  integrity sha1-LvpUw7HLq6m5Su4uWRSwvlf7t0k=

mafmt@^6.0.2, mafmt@^6.0.7:
  version "6.0.10"
  resolved "https://registry.yarnpkg.com/mafmt/-/mafmt-6.0.10.tgz#3ad251c78f14f8164e66f70fd3265662da41113a"
  integrity sha512-FjHDnew6dW9lUu3eYwP0FvvJl9uvNbqfoJM+c1WJcSyutNEIlyu6v3f/rlPnD1cnmue38IjuHlhBdIh3btAiyw==
  dependencies:
    multiaddr "^6.1.0"

md5.js@^1.3.4:
  version "1.3.5"
  resolved "https://registry.yarnpkg.com/md5.js/-/md5.js-1.3.5.tgz#b5d07b8e3216e3e27cd728d72f70d1e6a342005f"
  integrity sha512-xitP+WxNPcTTOgnTJcrhM0xvdPepipPSf3I8EIpGKeFLjt3PlJLIDG3u8EX53ZIubkb+5U2+3rELYpEhHhzdkg==
  dependencies:
    hash-base "^3.0.0"
    inherits "^2.0.1"
    safe-buffer "^5.1.2"

merge-options@^1.0.1:
  version "1.0.1"
  resolved "https://registry.yarnpkg.com/merge-options/-/merge-options-1.0.1.tgz#2a64b24457becd4e4dc608283247e94ce589aa32"
  integrity sha512-iuPV41VWKWBIOpBsjoxjDZw8/GbSfZ2mk7N1453bwMrfzdrIk7EzBd+8UVR6rkw67th7xnk9Dytl3J+lHPdxvg==
  dependencies:
    is-plain-obj "^1.1"

minimalistic-assert@^1.0.0, minimalistic-assert@^1.0.1:
  version "1.0.1"
  resolved "https://registry.yarnpkg.com/minimalistic-assert/-/minimalistic-assert-1.0.1.tgz#2e194de044626d4a10e7f7fbc00ce73e83e4d5c7"
  integrity sha512-UtJcAD4yEaGtjPezWuO9wC4nwUnVH/8/Im3yEHQP4b67cXlD/Qr9hdITCU1xDbSEXg2XKNaP8jsReV7vQd00/A==

minimalistic-crypto-utils@^1.0.0, minimalistic-crypto-utils@^1.0.1:
  version "1.0.1"
  resolved "https://registry.yarnpkg.com/minimalistic-crypto-utils/-/minimalistic-crypto-utils-1.0.1.tgz#f6c00c1c0b082246e5c4d99dfb8c7c083b2b582a"
  integrity sha1-9sAMHAsIIkblxNmd+4x8CDsrWCo=

mixin-object@^2.0.1:
  version "2.0.1"
  resolved "https://registry.yarnpkg.com/mixin-object/-/mixin-object-2.0.1.tgz#4fb949441dab182540f1fe035ba60e1947a5e57e"
  integrity sha1-T7lJRB2rGCVA8f4DW6YOGUel5X4=
  dependencies:
    for-in "^0.1.3"
    is-extendable "^0.1.1"

moving-average@^1.0.0:
  version "1.0.0"
  resolved "https://registry.yarnpkg.com/moving-average/-/moving-average-1.0.0.tgz#b1247ba8dd2d7927c619f1eac8036cf933d65adc"
  integrity sha512-97cgMz0U2zciiDp4xRl/n+MYgrm9l7UiYbtsBLPr0rhw6KH3m4LyK2w4d96V6+UwKo+ph7KtQSoL2qgnqZVgvA==

ms@2.0.0:
  version "2.0.0"
  resolved "https://registry.yarnpkg.com/ms/-/ms-2.0.0.tgz#5608aeadfc00be6c2901df5f9861788de0d597c8"
  integrity sha1-VgiurfwAvmwpAd9fmGF4jeDVl8g=

ms@^2.1.1:
  version "2.1.2"
  resolved "https://registry.yarnpkg.com/ms/-/ms-2.1.2.tgz#d09d1f357b443f493382a8eb3ccd183872ae6009"
  integrity sha512-sGkPx+VjMtmA6MX27oA4FBFELFCZZ4S4XqeGOXCv68tT+jb3vk/RyaKWP0PTKyWtmLSM0b+adUTEvbs1PEaH2w==

multiaddr-to-uri@^5.0.0:
  version "5.1.0"
  resolved "https://registry.yarnpkg.com/multiaddr-to-uri/-/multiaddr-to-uri-5.1.0.tgz#879b55e4170db37cf05e1bce5831de70084933b9"
  integrity sha512-rIlMLkw3yk3RJmf2hxYYzeqPXz4Vx7C4M/hg7BVWhmksDW0rDVNMEyoVb0H1A+sh3deHOh5EAFK87XcW+mFimA==
  dependencies:
    multiaddr "^7.2.1"

multiaddr@^6.0.3, multiaddr@^6.1.0:
  version "6.1.1"
  resolved "https://registry.yarnpkg.com/multiaddr/-/multiaddr-6.1.1.tgz#9aae57b3e399089b9896d9455afa8f6b117dff06"
  integrity sha512-Q1Ika0F9MNhMtCs62Ue+GWIJtRFEhZ3Xz8wH7/MZDVZTWhil1/H2bEGN02kUees3hkI3q1oHSjmXYDM0gxaFjQ==
  dependencies:
    bs58 "^4.0.1"
    class-is "^1.1.0"
    hi-base32 "~0.5.0"
    ip "^1.1.5"
    is-ip "^2.0.0"
    varint "^5.0.0"

multiaddr@^7.2.1:
  version "7.2.1"
  resolved "https://registry.yarnpkg.com/multiaddr/-/multiaddr-7.2.1.tgz#f660e346dc6db1995c01aad87d6be43bf3c13ca6"
  integrity sha512-iJ372ZXoyw1xmRh3Cawej5l17TTs72jGHDjUHCDl16s3UFkkPQkWj90BDF8hw8xnBIG/JB3RAyHhkWKiuNfM5g==
  dependencies:
    bs58 "^4.0.1"
    cids "~0.7.1"
    class-is "^1.1.0"
    hi-base32 "~0.5.0"
    ip "^1.1.5"
    is-ip "^3.1.0"
    varint "^5.0.0"

multibase@~0.6.0:
  version "0.6.0"
  resolved "https://registry.yarnpkg.com/multibase/-/multibase-0.6.0.tgz#0216e350614c7456da5e8e5b20d3fcd4c9104f56"
  integrity sha512-R9bNLQhbD7MsitPm1NeY7w9sDgu6d7cuj25snAWH7k5PSNPSwIQQBpcpj8jx1W96dLbdigZqmUWOdQRMnAmgjA==
  dependencies:
    base-x "3.0.4"

multicodec@~0.5.1:
  version "0.5.7"
  resolved "https://registry.yarnpkg.com/multicodec/-/multicodec-0.5.7.tgz#1fb3f9dd866a10a55d226e194abba2dcc1ee9ffd"
  integrity sha512-PscoRxm3f+88fAtELwUnZxGDkduE2HD9Q6GHUOywQLjOGT/HAdhjLDYNZ1e7VR0s0TP0EwZ16LNUTFpoBGivOA==
  dependencies:
    varint "^5.0.0"

multihashes@~0.4.13, multihashes@~0.4.14, multihashes@~0.4.15:
  version "0.4.15"
  resolved "https://registry.yarnpkg.com/multihashes/-/multihashes-0.4.15.tgz#6dbc55f7f312c6782f5367c03c9783681589d8a6"
  integrity sha512-G/Smj1GWqw1RQP3dRuRRPe3oyLqvPqUaEDIaoi7JF7Loxl4WAWvhJNk84oyDEodSucv0MmSW/ZT0RKUrsIFD3g==
  dependencies:
    bs58 "^4.0.1"
    varint "^5.0.0"

multihashing-async@~0.5.1, multihashing-async@~0.5.2:
  version "0.5.2"
  resolved "https://registry.yarnpkg.com/multihashing-async/-/multihashing-async-0.5.2.tgz#4af40e0dde2f1dbb12a7c6b265181437ac26b9de"
  integrity sha512-mmyG6M/FKxrpBh9xQDUvuJ7BbqT93ZeEeH5X6LeMYKoYshYLr9BDdCsvDtZvn+Egf+/Xi+aOznrWL4vp3s+p0Q==
  dependencies:
    blakejs "^1.1.0"
    js-sha3 "~0.8.0"
    multihashes "~0.4.13"
    murmurhash3js "^3.0.1"
    nodeify "^1.0.1"

multihashing-async@~0.6.0:
  version "0.6.0"
  resolved "https://registry.yarnpkg.com/multihashing-async/-/multihashing-async-0.6.0.tgz#c1fc6696a624b9bf39b160b0c4c4e7ba3f394453"
  integrity sha512-Qv8pgg99Lewc191A5nlXy0bSd2amfqlafNJZmarU6Sj7MZVjpR94SCxQjf4DwPtgWZkiLqsjUQBXA2RSq+hYyA==
  dependencies:
    blakejs "^1.1.0"
    js-sha3 "~0.8.0"
    multihashes "~0.4.13"
    murmurhash3js "^3.0.1"
    nodeify "^1.0.1"

multistream-select@~0.14.6:
  version "0.14.6"
  resolved "https://registry.yarnpkg.com/multistream-select/-/multistream-select-0.14.6.tgz#a3998eeb3fed83be2e8cd1eac5053825899f8d4b"
  integrity sha512-oRxaStv2thLDZi3eojRgolS9DHbH5WENV2NwN6VwubEwsuwSEALbmSyxQ7PSzB7rSjgX2LGpuMzZ9O+ZptbEyA==
  dependencies:
    async "^2.6.3"
    debug "^4.1.1"
    err-code "^1.1.2"
    interface-connection "~0.3.3"
    once "^1.4.0"
    pull-handshake "^1.1.4"
    pull-length-prefixed "^1.3.3"
    pull-stream "^3.6.13"
    semver "^6.2.0"
    varint "^5.0.0"

murmurhash3js@^3.0.1:
  version "3.0.1"
  resolved "https://registry.yarnpkg.com/murmurhash3js/-/murmurhash3js-3.0.1.tgz#3e983e5b47c2a06f43a713174e7e435ca044b998"
  integrity sha1-Ppg+W0fCoG9DpxMXTn5DXKBEuZg=

nan@^2.14.0:
  version "2.14.0"
  resolved "https://registry.yarnpkg.com/nan/-/nan-2.14.0.tgz#7818f722027b2459a86f0295d434d1fc2336c52c"
  integrity sha512-INOFj37C7k3AfaNTtX8RhsTw7qRy7eLET14cROi9+5HAVbbHuIWUHEauBv5qT4Av2tWasiTY1Jw6puUNqRJXQg==

node-forge@~0.9.1:
  version "0.9.1"
  resolved "https://registry.yarnpkg.com/node-forge/-/node-forge-0.9.1.tgz#775368e6846558ab6676858a4d8c6e8d16c677b5"
  integrity sha512-G6RlQt5Sb4GMBzXvhfkeFmbqR6MzhtnT7VTHuLadjkii3rdYHNdw0m8zA4BTxVIh68FicCQ2NSUANpsqkr9jvQ==

nodeify@^1.0.1:
  version "1.0.1"
  resolved "https://registry.yarnpkg.com/nodeify/-/nodeify-1.0.1.tgz#64ab69a7bdbaf03ce107b4f0335c87c0b9e91b1d"
  integrity sha1-ZKtpp7268DzhB7TwM1yHwLnpGx0=
  dependencies:
    is-promise "~1.0.0"
    promise "~1.3.0"

object-assign@^2.0.0:
  version "2.1.1"
  resolved "https://registry.yarnpkg.com/object-assign/-/object-assign-2.1.1.tgz#43c36e5d569ff8e4816c4efa8be02d26967c18aa"
  integrity sha1-Q8NuXVaf+OSBbE76i+AtJpZ8GKo=

once@^1.3.1, once@^1.4.0:
  version "1.4.0"
  resolved "https://registry.yarnpkg.com/once/-/once-1.4.0.tgz#583b1aa775961d4b113ac17d9c50baef9dd76bd1"
  integrity sha1-WDsap3WWHUsROsF9nFC6753Xa9E=
  dependencies:
    wrappy "1"

optimist@~0.3.5:
  version "0.3.7"
  resolved "https://registry.yarnpkg.com/optimist/-/optimist-0.3.7.tgz#c90941ad59e4273328923074d2cf2e7cbc6ec0d9"
  integrity sha1-yQlBrVnkJzMokjB00s8ufLxuwNk=
  dependencies:
    wordwrap "~0.0.2"

options@>=0.0.5:
  version "0.0.6"
  resolved "https://registry.yarnpkg.com/options/-/options-0.0.6.tgz#ec22d312806bb53e731773e7cdaefcf1c643128f"
  integrity sha1-7CLTEoBrtT5zF3Pnza788cZDEo8=

peer-book@^0.9.1:
  version "0.9.2"
  resolved "https://registry.yarnpkg.com/peer-book/-/peer-book-0.9.2.tgz#fb4c9b5ae6bbc24d82a107fbf42d50d43a5a29ae"
  integrity sha512-AW7DrC7HVe3jKYTKRvceX6poLiNOg6K9dW5aJejpxK849KuhI1H6nzefEx6v5GLAnXLA7bOoJjGx/ke+MCJ3vQ==
  dependencies:
    bs58 "^4.0.1"
    peer-id "~0.12.2"
    peer-info "~0.15.1"

peer-id@^0.12.2, peer-id@~0.12.2:
  version "0.12.5"
  resolved "https://registry.yarnpkg.com/peer-id/-/peer-id-0.12.5.tgz#b22a1edc5b4aaaa2bb830b265ba69429823e5179"
  integrity sha512-3xVWrtIvNm9/OPzaQBgXDrfWNx63AftgFQkvqO6YSZy7sP3Fuadwwbn54F/VO9AnpyW/26i0WRQz9FScivXrmw==
  dependencies:
    async "^2.6.3"
    class-is "^1.1.0"
    libp2p-crypto "~0.16.1"
    multihashes "~0.4.15"

peer-info@~0.15.1:
  version "0.15.1"
  resolved "https://registry.yarnpkg.com/peer-info/-/peer-info-0.15.1.tgz#21254a7c516d0dd046b150120b9aaf1b9ad02146"
  integrity sha512-Y91Q2tZRC0CpSTPd1UebhGqniOrOAk/aj60uYUcWJXCoLTAnGu+4LJGoiay8ayudS6ice7l3SKhgL/cS62QacA==
  dependencies:
    mafmt "^6.0.2"
    multiaddr "^6.0.3"
    peer-id "~0.12.2"
    unique-by "^1.0.0"

pem-jwk@^2.0.0:
  version "2.0.0"
  resolved "https://registry.yarnpkg.com/pem-jwk/-/pem-jwk-2.0.0.tgz#1c5bb264612fc391340907f5c1de60c06d22f085"
  integrity sha512-rFxu7rVoHgQ5H9YsP50dDWf0rHjreVA2z0yPiWr5WdH/UHb29hKtF7h6l8vNd1cbYR1t0QL+JKhW55a2ZV4KtA==
  dependencies:
    asn1.js "^5.0.1"

process-nextick-args@~2.0.0:
  version "2.0.1"
  resolved "https://registry.yarnpkg.com/process-nextick-args/-/process-nextick-args-2.0.1.tgz#7820d9b16120cc55ca9ae7792680ae7dba6d7fe2"
  integrity sha512-3ouUOpQhtgrbOa17J7+uxOTpITYWaGP7/AhoR3+A+/1e9skrzelGi/dXzEYyvbxubEF6Wn2ypscTKiKJFFn1ag==

promise@~1.3.0:
  version "1.3.0"
  resolved "https://registry.yarnpkg.com/promise/-/promise-1.3.0.tgz#e5cc9a4c8278e4664ffedc01c7da84842b040175"
  integrity sha1-5cyaTIJ45GZP/twBx9qEhCsEAXU=
  dependencies:
    is-promise "~1"

promisify-es6@^1.0.3:
  version "1.0.3"
  resolved "https://registry.yarnpkg.com/promisify-es6/-/promisify-es6-1.0.3.tgz#b012668c4df3c965ce13daac2b3a4d1726a96346"
  integrity sha512-N9iVG+CGJsI4b4ZGazjwLnxErD2d9Pe4DPvvXSxYA9tFNu8ymXME4Qs5HIQ0LMJpNM7zj+m0NlNnNeqFpKzqnA==

protocol-buffers-schema@^3.3.1:
  version "3.3.2"
  resolved "https://registry.yarnpkg.com/protocol-buffers-schema/-/protocol-buffers-schema-3.3.2.tgz#00434f608b4e8df54c59e070efeefc37fb4bb859"
  integrity sha512-Xdayp8sB/mU+sUV4G7ws8xtYMGdQnxbeIfLjyO9TZZRJdztBGhlmbI5x1qcY4TG5hBkIKGnc28i7nXxaugu88w==

protons@^1.0.1:
  version "1.1.0"
  resolved "https://registry.yarnpkg.com/protons/-/protons-1.1.0.tgz#08f00cb6ea2b9a40d11da2e2d580c3662056a994"
  integrity sha512-rxf3et88VGRJkXIcDK1nemQM9OpnKsRVuZW+vkJLRmytA6530hQ+k/r2DpclNJCYF+xUl2MXsvRsK+MJgcbfEg==
  dependencies:
    protocol-buffers-schema "^3.3.1"
    safe-buffer "^5.1.1"
    signed-varint "^2.0.1"
    varint "^5.0.0"

pull-cat@^1.1.11, pull-cat@^1.1.9:
  version "1.1.11"
  resolved "https://registry.yarnpkg.com/pull-cat/-/pull-cat-1.1.11.tgz#b642dd1255da376a706b6db4fa962f5fdb74c31b"
  integrity sha1-tkLdElXaN2pwa220+pYvX9t0wxs=

pull-catch@^1.0.1:
  version "1.0.1"
  resolved "https://registry.yarnpkg.com/pull-catch/-/pull-catch-1.0.1.tgz#61be4d3d4184436a89994bec975f1ff4aea854cb"
  integrity sha512-wrKbmEYySNETxOYXDTCJ8L/rcAFMayOifne2a+X9C0wSm6ttIWHHXwMYQh6k8iDRvtMM8itYkBlP4leKBJTiKA==

pull-defer@~0.2.3:
  version "0.2.3"
  resolved "https://registry.yarnpkg.com/pull-defer/-/pull-defer-0.2.3.tgz#4ee09c6d9e227bede9938db80391c3dac489d113"
  integrity sha512-/An3KE7mVjZCqNhZsr22k1Tx8MACnUnHZZNPSJ0S62td8JtYr/AiRG42Vz7Syu31SoTLUzVIe61jtT/pNdjVYA==

pull-handshake@^1.1.4:
  version "1.1.4"
  resolved "https://registry.yarnpkg.com/pull-handshake/-/pull-handshake-1.1.4.tgz#6000a0fd018884cdfd737254f8cc60ab2a637791"
  integrity sha1-YACg/QGIhM39c3JU+Mxgqypjd5E=
  dependencies:
    pull-cat "^1.1.9"
    pull-pair "~1.1.0"
    pull-pushable "^2.0.0"
    pull-reader "^1.2.3"

pull-length-prefixed@^1.3.1, pull-length-prefixed@^1.3.3:
  version "1.3.3"
  resolved "https://registry.yarnpkg.com/pull-length-prefixed/-/pull-length-prefixed-1.3.3.tgz#aa01aea117ef8be45ff6b0534e636827fa63b554"
  integrity sha512-tAvRbeHMrA3pqZVth8A0VAYeTG9+mpBpyzFPTwH65Jf6K5GYB3WFkvLSP/rgXFy+tJ+vqf6tol7gme13r0Z10g==
  dependencies:
    pull-pushable "^2.2.0"
    pull-reader "^1.3.1"
    safe-buffer "^5.1.2"
    varint "^5.0.0"

pull-pair@~1.1.0:
  version "1.1.0"
  resolved "https://registry.yarnpkg.com/pull-pair/-/pull-pair-1.1.0.tgz#7ee427263fdf4da825397ac0a05e1ab4b74bd76d"
  integrity sha1-fuQnJj/fTaglOXrAoF4atLdL120=

pull-pushable@^2.0.0, pull-pushable@^2.2.0:
  version "2.2.0"
  resolved "https://registry.yarnpkg.com/pull-pushable/-/pull-pushable-2.2.0.tgz#5f2f3aed47ad86919f01b12a2e99d6f1bd776581"
  integrity sha1-Xy867UethpGfAbEqLpnW8b13ZYE=

pull-reader@^1.2.3, pull-reader@^1.3.1:
  version "1.3.1"
  resolved "https://registry.yarnpkg.com/pull-reader/-/pull-reader-1.3.1.tgz#03a253e37efce111223ea2dc1dec847be1940be6"
  integrity sha512-CBkejkE5nX50SiSEzu0Qoz4POTJMS/mw8G6aj3h3M/RJoKgggLxyF0IyTZ0mmpXFlXRcLmLmIEW4xeYn7AeDYw==

pull-stream-to-stream@^1.3.4:
  version "1.3.4"
  resolved "https://registry.yarnpkg.com/pull-stream-to-stream/-/pull-stream-to-stream-1.3.4.tgz#3f81d8216bd18d2bfd1a198190471180e2738399"
  integrity sha1-P4HYIWvRjSv9GhmBkEcRgOJzg5k=

pull-stream@^3.2.3, pull-stream@^3.6.13, pull-stream@^3.6.9:
  version "3.6.14"
  resolved "https://registry.yarnpkg.com/pull-stream/-/pull-stream-3.6.14.tgz#529dbd5b86131f4a5ed636fdf7f6af00781357ee"
  integrity sha512-KIqdvpqHHaTUA2mCYcLG1ibEbu/LCKoJZsBWyv9lSYtPkJPBq8m3Hxa103xHi6D2thj5YXa0TqK3L3GUkwgnew==

pull-ws@hugomrdias/pull-ws#fix/bundle-size:
  version "3.3.1"
  resolved "https://codeload.github.com/hugomrdias/pull-ws/tar.gz/8e2ce0bb3b1cd6804828316e937fff8e0bef6225"
  dependencies:
    iso-url "^0.4.4"
    relative-url "^1.0.2"
    safe-buffer "^5.1.1"
    ws "^1.1.0"

pump@^3.0.0:
  version "3.0.0"
  resolved "https://registry.yarnpkg.com/pump/-/pump-3.0.0.tgz#b4a2116815bde2f4e1ea602354e8c75565107a64"
  integrity sha512-LwZy+p3SFs1Pytd/jYct4wpv49HiYCqd9Rlc5ZVdk0V+8Yzv6jR5Blk3TRmPL1ft69TxP0IMZGJ+WPFU2BFhww==
  dependencies:
    end-of-stream "^1.1.0"
    once "^1.3.1"

readable-stream@^2.2.2:
  version "2.3.7"
  resolved "https://registry.yarnpkg.com/readable-stream/-/readable-stream-2.3.7.tgz#1eca1cf711aef814c04f62252a36a62f6cb23b57"
  integrity sha512-Ebho8K4jIbHAxnuxi7o42OrZgF/ZTNcsZj6nRKyUmkhLFq8CHItp/fy6hQZuZmP/n3yZ9VBUbp4zz/mX8hmYPw==
  dependencies:
    core-util-is "~1.0.0"
    inherits "~2.0.3"
    isarray "~1.0.0"
    process-nextick-args "~2.0.0"
    safe-buffer "~5.1.1"
    string_decoder "~1.1.1"
    util-deprecate "~1.0.1"

readable-stream@^3.1.1, readable-stream@^3.4.0:
  version "3.4.0"
  resolved "https://registry.yarnpkg.com/readable-stream/-/readable-stream-3.4.0.tgz#a51c26754658e0a3c21dbf59163bd45ba6f447fc"
  integrity sha512-jItXPLmrSR8jmTRmRWJXCnGJsfy85mB3Wd/uINMXA65yrnFo0cPClFIUWzo2najVNSl+mx7/4W8ttlLWJe99pQ==
  dependencies:
    inherits "^2.0.3"
    string_decoder "^1.1.1"
    util-deprecate "^1.0.1"

relative-url@^1.0.2:
  version "1.0.2"
  resolved "https://registry.yarnpkg.com/relative-url/-/relative-url-1.0.2.tgz#d21c52a72d6061018bcee9f9c9fc106bf7d65287"
  integrity sha1-0hxSpy1gYQGLzun5yfwQa/fWUoc=

retimer@^2.0.0:
  version "2.0.0"
  resolved "https://registry.yarnpkg.com/retimer/-/retimer-2.0.0.tgz#e8bd68c5e5a8ec2f49ccb5c636db84c04063bbca"
  integrity sha512-KLXY85WkEq2V2bKex/LOO1ViXVn2KGYe4PYysAdYdjmraYIUsVkXu8O4am+8+5UbaaGl1qho4aqAAPHNQ4GSbg==

ripemd160@^2.0.0, ripemd160@^2.0.1:
  version "2.0.2"
  resolved "https://registry.yarnpkg.com/ripemd160/-/ripemd160-2.0.2.tgz#a1c1a6f624751577ba5d07914cbc92850585890c"
  integrity sha512-ii4iagi25WusVoiC4B4lq7pbXfAp3D9v5CwfkY33vffw2+pkDjY1D8GaN7spsxvCSx8dkPqOZCEZyfxcmJG2IA==
  dependencies:
    hash-base "^3.0.0"
    inherits "^2.0.1"

rsa-pem-to-jwk@^1.1.3:
  version "1.1.3"
  resolved "https://registry.yarnpkg.com/rsa-pem-to-jwk/-/rsa-pem-to-jwk-1.1.3.tgz#245e76bdb7e7234cfee7ca032d31b54c38fab98e"
  integrity sha1-JF52vbfnI0z+58oDLTG1TDj6uY4=
  dependencies:
    object-assign "^2.0.0"
    rsa-unpack "0.0.6"

rsa-unpack@0.0.6:
  version "0.0.6"
  resolved "https://registry.yarnpkg.com/rsa-unpack/-/rsa-unpack-0.0.6.tgz#f50ebd56a628378e631f297161026ce9ab4eddba"
  integrity sha1-9Q69VqYoN45jHylxYQJs6atO3bo=
  dependencies:
    optimist "~0.3.5"

safe-buffer@^5.0.1, safe-buffer@^5.1.1, safe-buffer@^5.1.2, safe-buffer@~5.2.0:
  version "5.2.0"
  resolved "https://registry.yarnpkg.com/safe-buffer/-/safe-buffer-5.2.0.tgz#b74daec49b1148f88c64b68d49b1e815c1f2f519"
  integrity sha512-fZEwUGbVl7kouZs1jCdMLdt95hdIv0ZeHg6L7qPeciMZhZ+/gdesW4wgTARkrFWEpspjEATAzUGPG8N2jJiwbg==

safe-buffer@~5.1.0, safe-buffer@~5.1.1:
  version "5.1.2"
  resolved "https://registry.yarnpkg.com/safe-buffer/-/safe-buffer-5.1.2.tgz#991ec69d296e0313747d59bdfd2b745c35f8828d"
  integrity sha512-Gd2UZBJDkXlY7GbJxfsE8/nvKkUEU1G38c1siN6QP6a9PT9MmHB8GnpscSmMJSoF8LOIrt8ud/wPtojys4G6+g==

safer-buffer@^2.1.0:
  version "2.1.2"
  resolved "https://registry.yarnpkg.com/safer-buffer/-/safer-buffer-2.1.2.tgz#44fa161b0187b9549dd84bb91802f9bd8385cd6a"
  integrity sha512-YZo3K82SD7Riyi0E1EQPojLz7kpepnSQI9IyPbHHg1XXXevb5dJI7tpyN2ADxGcQbHG7vcyRHk0cbwqcQriUtg==

secp256k1@^3.6.2:
  version "3.8.0"
  resolved "https://registry.yarnpkg.com/secp256k1/-/secp256k1-3.8.0.tgz#28f59f4b01dbee9575f56a47034b7d2e3b3b352d"
  integrity sha512-k5ke5avRZbtl9Tqx/SA7CbY3NF6Ro+Sj9cZxezFzuBlLDmyqPiL8hJJ+EmzD8Ig4LUDByHJ3/iPOVoRixs/hmw==
  dependencies:
    bindings "^1.5.0"
    bip66 "^1.1.5"
    bn.js "^4.11.8"
    create-hash "^1.2.0"
    drbg.js "^1.0.1"
    elliptic "^6.5.2"
    nan "^2.14.0"
    safe-buffer "^5.1.2"

semver@^6.2.0:
  version "6.3.0"
  resolved "https://registry.yarnpkg.com/semver/-/semver-6.3.0.tgz#ee0a64c8af5e8ceea67687b133761e1becbd1d3d"
  integrity sha512-b39TBaTSfV6yBrapU89p5fKekE2m/NwnDocOVruQFS1/veMgdzuPcnOM34M6CwxW8jH/lxEa5rBoDeUwu5HHTw==

sha.js@^2.4.0, sha.js@^2.4.8:
  version "2.4.11"
  resolved "https://registry.yarnpkg.com/sha.js/-/sha.js-2.4.11.tgz#37a5cf0b81ecbc6943de109ba2960d1b26584ae7"
  integrity sha512-QMEp5B7cftE7APOjk5Y6xgrbWu+WkLVQwk8JNjZ8nKRciZaByEW6MubieAiToS7+dwvrjGhH8jRXz3MVd0AYqQ==
  dependencies:
    inherits "^2.0.1"
    safe-buffer "^5.0.1"

shallow-clone@^1.0.0:
  version "1.0.0"
  resolved "https://registry.yarnpkg.com/shallow-clone/-/shallow-clone-1.0.0.tgz#4480cd06e882ef68b2ad88a3ea54832e2c48b571"
  integrity sha512-oeXreoKR/SyNJtRJMAKPDSvd28OqEwG4eR/xc856cRGBII7gX9lvAqDxusPm0846z/w/hWYjI1NpKwJ00NHzRA==
  dependencies:
    is-extendable "^0.1.1"
    kind-of "^5.0.0"
    mixin-object "^2.0.1"

signed-varint@^2.0.1:
  version "2.0.1"
  resolved "https://registry.yarnpkg.com/signed-varint/-/signed-varint-2.0.1.tgz#50a9989da7c98c2c61dad119bc97470ef8528129"
  integrity sha1-UKmYnafJjCxh2tEZvJdHDvhSgSk=
  dependencies:
    varint "~5.0.0"

split@~0.3.0:
  version "0.3.3"
  resolved "https://registry.yarnpkg.com/split/-/split-0.3.3.tgz#cd0eea5e63a211dfff7eb0f091c4133e2d0dd28f"
  integrity sha1-zQ7qXmOiEd//frDwkcQTPi0N0o8=
  dependencies:
    through "2"

sprintf-js@1.1.2:
  version "1.1.2"
  resolved "https://registry.yarnpkg.com/sprintf-js/-/sprintf-js-1.1.2.tgz#da1765262bf8c0f571749f2ad6c26300207ae673"
  integrity sha512-VE0SOVEHCk7Qc8ulkWw3ntAzXuqf7S2lvwQaDLRnUeIEaKNQJzV6BwmLKhOqT61aGhfUMrXeaBk+oDGCzvhcug==

stream-to-pull-stream@^1.7.2, stream-to-pull-stream@^1.7.3:
  version "1.7.3"
  resolved "https://registry.yarnpkg.com/stream-to-pull-stream/-/stream-to-pull-stream-1.7.3.tgz#4161aa2d2eb9964de60bfa1af7feaf917e874ece"
  integrity sha512-6sNyqJpr5dIOQdgNy/xcDWwDuzAsAwVzhzrWlAPAQ7Lkjx/rv0wgvxEyKwTq6FmNd5rjTrELt/CLmaSw7crMGg==
  dependencies:
    looper "^3.0.0"
    pull-stream "^3.2.3"

string_decoder@^1.1.1:
  version "1.3.0"
  resolved "https://registry.yarnpkg.com/string_decoder/-/string_decoder-1.3.0.tgz#42f114594a46cf1a8e30b0a84f56c78c3edac21e"
  integrity sha512-hkRX8U1WjJFd8LsDJ2yQ/wWWxaopEsABU1XfkM8A+j0+85JAGppt16cr1Whg6KIbb4okU6Mql6BOj+uup/wKeA==
  dependencies:
    safe-buffer "~5.2.0"

string_decoder@~1.1.1:
  version "1.1.1"
  resolved "https://registry.yarnpkg.com/string_decoder/-/string_decoder-1.1.1.tgz#9cf1611ba62685d7030ae9e4ba34149c3af03fc8"
  integrity sha512-n/ShnvDi6FHbbVfviro+WojiFzv+s8MPMHBczVePfUpDJLwoLT0ht1l4YwBCbi8pJAveEEdnkHyPyTP/mzRfwg==
  dependencies:
    safe-buffer "~5.1.0"

superstruct@^0.6.0:
  version "0.6.2"
  resolved "https://registry.yarnpkg.com/superstruct/-/superstruct-0.6.2.tgz#c5eb034806a17ff98d036674169ef85e4c7f6a1c"
  integrity sha512-lvA97MFAJng3rfjcafT/zGTSWm6Tbpk++DP6It4Qg7oNaeM+2tdJMuVgGje21/bIpBEs6iQql1PJH6dKTjl4Ig==
  dependencies:
    clone-deep "^2.0.1"
    kind-of "^6.0.1"

through@2:
  version "2.3.8"
  resolved "https://registry.yarnpkg.com/through/-/through-2.3.8.tgz#0dd4c9ffaabc357960b1b724115d7e0e86a2e1f5"
  integrity sha1-DdTJ/6q8NXlgsbckEV1+Doai4fU=

tweetnacl@^1.0.0:
  version "1.0.1"
  resolved "https://registry.yarnpkg.com/tweetnacl/-/tweetnacl-1.0.1.tgz#2594d42da73cd036bd0d2a54683dd35a6b55ca17"
  integrity sha512-kcoMoKTPYnoeS50tzoqjPY3Uv9axeuuFAZY9M/9zFnhoVvRfxz9K29IMPD7jGmt2c8SW7i3gT9WqDl2+nV7p4A==

typedarray@^0.0.6:
  version "0.0.6"
  resolved "https://registry.yarnpkg.com/typedarray/-/typedarray-0.0.6.tgz#867ac74e3864187b1d3d47d996a78ec5c8830777"
  integrity sha1-hnrHTjhkGHsdPUfZlqeOxciDB3c=

ultron@1.0.x:
  version "1.0.2"
  resolved "https://registry.yarnpkg.com/ultron/-/ultron-1.0.2.tgz#ace116ab557cd197386a4e88f4685378c8b2e4fa"
  integrity sha1-rOEWq1V80Zc4ak6I9GhTeMiy5Po=

unique-by@^1.0.0:
  version "1.0.0"
  resolved "https://registry.yarnpkg.com/unique-by/-/unique-by-1.0.0.tgz#5220c86ba7bc572fb713ad74651470cb644212bd"
  integrity sha1-UiDIa6e8Vy+3E610ZRRwy2RCEr0=

ursa-optional@~0.10.0:
  version "0.10.1"
  resolved "https://registry.yarnpkg.com/ursa-optional/-/ursa-optional-0.10.1.tgz#847b9e40a358c41f2264a04d52bba1e92f159adc"
  integrity sha512-/pgpBXVJut57dHNrdGF+1/qXi+5B7JrlmZDWPSyoivEcbwFWRZJBJGkWb6ivknMBA3bnFA7lqsb6iHiFfp79QQ==
  dependencies:
    bindings "^1.5.0"
    nan "^2.14.0"

util-deprecate@^1.0.1, util-deprecate@~1.0.1:
  version "1.0.2"
  resolved "https://registry.yarnpkg.com/util-deprecate/-/util-deprecate-1.0.2.tgz#450d4dc9fa70de732762fbd2d4a28981419a0ccf"
  integrity sha1-RQ1Nyfpw3nMnYvvS1KKJgUGaDM8=

varint@^5.0.0, varint@~5.0.0:
  version "5.0.0"
  resolved "https://registry.yarnpkg.com/varint/-/varint-5.0.0.tgz#d826b89f7490732fabc0c0ed693ed475dcb29ebf"
  integrity sha1-2Ca4n3SQcy+rwMDtaT7Uddyynr8=

wordwrap@~0.0.2:
  version "0.0.3"
  resolved "https://registry.yarnpkg.com/wordwrap/-/wordwrap-0.0.3.tgz#a3d5da6cd5c0bc0008d37234bbaf1bed63059107"
  integrity sha1-o9XabNXAvAAI03I0u68b7WMFkQc=

wrappy@1:
  version "1.0.2"
  resolved "https://registry.yarnpkg.com/wrappy/-/wrappy-1.0.2.tgz#b5243d8f3ec1aa35f1364605bc0d1036e30ab69f"
  integrity sha1-tSQ9jz7BqjXxNkYFvA0QNuMKtp8=

ws@^1.1.0:
  version "1.1.5"
  resolved "https://registry.yarnpkg.com/ws/-/ws-1.1.5.tgz#cbd9e6e75e09fc5d2c90015f21f0c40875e0dd51"
  integrity sha512-o3KqipXNUdS7wpQzBHSe180lBGO60SoK0yVo3CYJgb2MkobuWuBX6dhkYP5ORCLd55y+SaflMOV5fqAB53ux4w==
  dependencies:
    options ">=0.0.5"
    ultron "1.0.x"

xsalsa20@^1.0.2:
  version "1.1.0"
  resolved "https://registry.yarnpkg.com/xsalsa20/-/xsalsa20-1.1.0.tgz#bee27174af1913aaec0fe677d8ba161ec12bf87d"
  integrity sha512-zd3ytX2cm+tcSndRU+krm0eL4TMMpZE7evs5hLRAoOy6gviqLfe3qOlkjF3i5SeAkQUCeJk0lJZrEU56kHRfWw==
