# This file is automatically @generated by Cargo.
# It is not intended for manual editing.
[[package]]
name = "born"
version = "0.0.0"
source = "registry+https://github.com/rust-lang/crates.io-index"
checksum = "e8a18aa5ee63c24a66e588fc9132a9e7a11372eed4b99426e1ce43c645771552"

[[package]]
name = "born"
version = "0.1.0"
dependencies = [
 "born 0.0.0",
]
