# This file is automatically @generated by Cargo.
# It is not intended for manual editing.
[[package]]
name = "born"
version = "0.0.1"
source = "registry+https://github.com/rust-lang/crates.io-index"
checksum = "3a36f458b7ffeeb472ad79aea8895e038129942d5544cfcf00ab6d61c4af6466"

[[package]]
name = "born"
version = "0.1.0"
dependencies = [
 "born 0.0.1",
]
