# THIS IS AN AUTOGENERATED FILE. DO NOT EDIT THIS FILE DIRECTLY.
# yarn lockfile v1


lodash.toarray@^4.4.0:
  version "4.4.0"
  resolved "https://registry.yarnpkg.com/lodash.toarray/-/lodash.toarray-4.4.0.tgz#24c4bfcd6b2fba38bfd0594db1179d8e9b656561"
  integrity sha1-JMS/zWsvuji/0FlNsRedjptlZWE=

node-emoji@^1.10.0:
  version "1.10.0"
  resolved "https://registry.yarnpkg.com/node-emoji/-/node-emoji-1.10.0.tgz#8886abd25d9c7bb61802a658523d1f8d2a89b2da"
  integrity sha512-Yt3384If5H6BYGVHiHwTL+99OzJKHhgp82S8/dktEK73T26BazdgZ4JZh92xSVtGNJvz9UbXdNAc5hcrXV42vw==
  dependencies:
    lodash.toarray "^4.4.0"
