# This file is automatically @generated by Cargo.
# It is not intended for manual editing.
[[package]]
name = "doc-comment"
version = "0.3.3"
source = "registry+https://github.com/rust-lang/crates.io-index"
checksum = "fea41bba32d969b513997752735605054bc0dfa92b4c56bf1189f2e174be7a10"

[[package]]
name = "doc_comment"
version = "0.1.0"
dependencies = [
 "doc-comment",
]
